
Microsoft Visual Studio Solution File, Format Version 12.00
# Visual Studio Version 16
VisualStudioVersion = 16.0.30611.23
MinimumVisualStudioVersion = 10.0.40219.1
Project("{8BC9CEB8-8B4A-11D0-8D11-00A0C91BC942}") = "P2", "P2\P2.vcxproj", "{E05B534B-0917-47EB-BBEB-4AA2F03B72BF}"
EndProject
Project("{8BC9CEB8-8B4A-11D0-8D11-00A0C91BC942}") = "P3", "P3\P3.vcxproj", "{804A5856-8C4A-4058-8DDB-4D0A1C280002}"
EndProject
Project("{8BC9CEB8-8B4A-11D0-8D11-00A0C91BC942}") = "P4", "P4\P4.vcxproj", "{51CBA4F2-7F4B-4A8D-B06C-2A1075AEAC93}"
EndProject
Project("{8BC9CEB8-8B4A-11D0-8D11-00A0C91BC942}") = "P5", "P5\P5.vcxproj", "{A342C087-0F8E-469E-AFFB-4396A4BC8A86}"
EndProject
Project("{8BC9CEB8-8B4A-11D0-8D11-00A0C91BC942}") = "P6", "P6\P6.vcxproj", "{B0149140-DA32-4365-BD43-ED90EF120C92}"
EndProject
Project("{8BC9CEB8-8B4A-11D0-8D11-00A0C91BC942}") = "P7", "P7\P7.vcxproj", "{E67E4BBF-C95D-4E31-9B71-D9C6B5E87DDE}"
EndProject
Project("{8BC9CEB8-8B4A-11D0-8D11-00A0C91BC942}") = "P8", "P8\P8.vcxproj", "{48FD52D3-5A8A-4BD9-94D0-72A69EA6E4FE}"
EndProject
Project("{8BC9CEB8-8B4A-11D0-8D11-00A0C91BC942}") = "P9", "P9\P9.vcxproj", "{8DDCC9B1-7E50-4A9D-BA23-3ECC1710F694}"
EndProject
Project("{8BC9CEB8-8B4A-11D0-8D11-00A0C91BC942}") = "P10", "P10\P10.vcxproj", "{5349CBB0-5F3F-435F-B3C7-FCAB509ED18D}"
EndProject
Project("{8BC9CEB8-8B4A-11D0-8D11-00A0C91BC942}") = "P11", "P11\P11.vcxproj", "{7ED1331C-5CD3-4829-98AE-D74C49027D99}"
EndProject
Project("{8BC9CEB8-8B4A-11D0-8D11-00A0C91BC942}") = "P12", "P12\P12.vcxproj", "{EFF34536-74ED-45B4-8E45-D6F13957B62B}"
EndProject
Project("{8BC9CEB8-8B4A-11D0-8D11-00A0C91BC942}") = "P13", "P13\P13.vcxproj", "{EA56CD90-C09B-4056-92EA-A700FC7217BE}"
EndProject
Project("{8BC9CEB8-8B4A-11D0-8D11-00A0C91BC942}") = "P14", "P14\P14.vcxproj", "{E1110255-710C-4FDF-BF79-3F60B249DA7F}"
EndProject
Project("{8BC9CEB8-8B4A-11D0-8D11-00A0C91BC942}") = "P1", "P1\P1.vcxproj", "{0D515968-AA0B-4B0F-A7A4-8C72699A7C0E}"
EndProject
Global
	GlobalSection(SolutionConfigurationPlatforms) = preSolution
		Debug|x64 = Debug|x64
		Debug|x86 = Debug|x86
		Release|x64 = Release|x64
		Release|x86 = Release|x86
	EndGlobalSection
	GlobalSection(ProjectConfigurationPlatforms) = postSolution
		{E05B534B-0917-47EB-BBEB-4AA2F03B72BF}.Debug|x64.ActiveCfg = Debug|x64
		{E05B534B-0917-47EB-BBEB-4AA2F03B72BF}.Debug|x64.Build.0 = Debug|x64
		{E05B534B-0917-47EB-BBEB-4AA2F03B72BF}.Debug|x86.ActiveCfg = Debug|Win32
		{E05B534B-0917-47EB-BBEB-4AA2F03B72BF}.Debug|x86.Build.0 = Debug|Win32
		{E05B534B-0917-47EB-BBEB-4AA2F03B72BF}.Release|x64.ActiveCfg = Release|x64
		{E05B534B-0917-47EB-BBEB-4AA2F03B72BF}.Release|x64.Build.0 = Release|x64
		{E05B534B-0917-47EB-BBEB-4AA2F03B72BF}.Release|x86.ActiveCfg = Release|Win32
		{E05B534B-0917-47EB-BBEB-4AA2F03B72BF}.Release|x86.Build.0 = Release|Win32
		{804A5856-8C4A-4058-8DDB-4D0A1C280002}.Debug|x64.ActiveCfg = Debug|x64
		{804A5856-8C4A-4058-8DDB-4D0A1C280002}.Debug|x64.Build.0 = Debug|x64
		{804A5856-8C4A-4058-8DDB-4D0A1C280002}.Debug|x86.ActiveCfg = Debug|Win32
		{804A5856-8C4A-4058-8DDB-4D0A1C280002}.Debug|x86.Build.0 = Debug|Win32
		{804A5856-8C4A-4058-8DDB-4D0A1C280002}.Release|x64.ActiveCfg = Release|x64
		{804A5856-8C4A-4058-8DDB-4D0A1C280002}.Release|x64.Build.0 = Release|x64
		{804A5856-8C4A-4058-8DDB-4D0A1C280002}.Release|x86.ActiveCfg = Release|Win32
		{804A5856-8C4A-4058-8DDB-4D0A1C280002}.Release|x86.Build.0 = Release|Win32
		{51CBA4F2-7F4B-4A8D-B06C-2A1075AEAC93}.Debug|x64.ActiveCfg = Debug|x64
		{51CBA4F2-7F4B-4A8D-B06C-2A1075AEAC93}.Debug|x64.Build.0 = Debug|x64
		{51CBA4F2-7F4B-4A8D-B06C-2A1075AEAC93}.Debug|x86.ActiveCfg = Debug|Win32
		{51CBA4F2-7F4B-4A8D-B06C-2A1075AEAC93}.Debug|x86.Build.0 = Debug|Win32
		{51CBA4F2-7F4B-4A8D-B06C-2A1075AEAC93}.Release|x64.ActiveCfg = Release|x64
		{51CBA4F2-7F4B-4A8D-B06C-2A1075AEAC93}.Release|x64.Build.0 = Release|x64
		{51CBA4F2-7F4B-4A8D-B06C-2A1075AEAC93}.Release|x86.ActiveCfg = Release|Win32
		{51CBA4F2-7F4B-4A8D-B06C-2A1075AEAC93}.Release|x86.Build.0 = Release|Win32
		{A342C087-0F8E-469E-AFFB-4396A4BC8A86}.Debug|x64.ActiveCfg = Debug|x64
		{A342C087-0F8E-469E-AFFB-4396A4BC8A86}.Debug|x64.Build.0 = Debug|x64
		{A342C087-0F8E-469E-AFFB-4396A4BC8A86}.Debug|x86.ActiveCfg = Debug|Win32
		{A342C087-0F8E-469E-AFFB-4396A4BC8A86}.Debug|x86.Build.0 = Debug|Win32
		{A342C087-0F8E-469E-AFFB-4396A4BC8A86}.Release|x64.ActiveCfg = Release|x64
		{A342C087-0F8E-469E-AFFB-4396A4BC8A86}.Release|x64.Build.0 = Release|x64
		{A342C087-0F8E-469E-AFFB-4396A4BC8A86}.Release|x86.ActiveCfg = Release|Win32
		{A342C087-0F8E-469E-AFFB-4396A4BC8A86}.Release|x86.Build.0 = Release|Win32
		{B0149140-DA32-4365-BD43-ED90EF120C92}.Debug|x64.ActiveCfg = Debug|x64
		{B0149140-DA32-4365-BD43-ED90EF120C92}.Debug|x64.Build.0 = Debug|x64
		{B0149140-DA32-4365-BD43-ED90EF120C92}.Debug|x86.ActiveCfg = Debug|Win32
		{B0149140-DA32-4365-BD43-ED90EF120C92}.Debug|x86.Build.0 = Debug|Win32
		{B0149140-DA32-4365-BD43-ED90EF120C92}.Release|x64.ActiveCfg = Release|x64
		{B0149140-DA32-4365-BD43-ED90EF120C92}.Release|x64.Build.0 = Release|x64
		{B0149140-DA32-4365-BD43-ED90EF120C92}.Release|x86.ActiveCfg = Release|Win32
		{B0149140-DA32-4365-BD43-ED90EF120C92}.Release|x86.Build.0 = Release|Win32
		{E67E4BBF-C95D-4E31-9B71-D9C6B5E87DDE}.Debug|x64.ActiveCfg = Debug|x64
		{E67E4BBF-C95D-4E31-9B71-D9C6B5E87DDE}.Debug|x64.Build.0 = Debug|x64
		{E67E4BBF-C95D-4E31-9B71-D9C6B5E87DDE}.Debug|x86.ActiveCfg = Debug|Win32
		{E67E4BBF-C95D-4E31-9B71-D9C6B5E87DDE}.Debug|x86.Build.0 = Debug|Win32
		{E67E4BBF-C95D-4E31-9B71-D9C6B5E87DDE}.Release|x64.ActiveCfg = Release|x64
		{E67E4BBF-C95D-4E31-9B71-D9C6B5E87DDE}.Release|x64.Build.0 = Release|x64
		{E67E4BBF-C95D-4E31-9B71-D9C6B5E87DDE}.Release|x86.ActiveCfg = Release|Win32
		{E67E4BBF-C95D-4E31-9B71-D9C6B5E87DDE}.Release|x86.Build.0 = Release|Win32
		{48FD52D3-5A8A-4BD9-94D0-72A69EA6E4FE}.Debug|x64.ActiveCfg = Debug|x64
		{48FD52D3-5A8A-4BD9-94D0-72A69EA6E4FE}.Debug|x64.Build.0 = Debug|x64
		{48FD52D3-5A8A-4BD9-94D0-72A69EA6E4FE}.Debug|x86.ActiveCfg = Debug|Win32
		{48FD52D3-5A8A-4BD9-94D0-72A69EA6E4FE}.Debug|x86.Build.0 = Debug|Win32
		{48FD52D3-5A8A-4BD9-94D0-72A69EA6E4FE}.Release|x64.ActiveCfg = Release|x64
		{48FD52D3-5A8A-4BD9-94D0-72A69EA6E4FE}.Release|x64.Build.0 = Release|x64
		{48FD52D3-5A8A-4BD9-94D0-72A69EA6E4FE}.Release|x86.ActiveCfg = Release|Win32
		{48FD52D3-5A8A-4BD9-94D0-72A69EA6E4FE}.Release|x86.Build.0 = Release|Win32
		{8DDCC9B1-7E50-4A9D-BA23-3ECC1710F694}.Debug|x64.ActiveCfg = Debug|x64
		{8DDCC9B1-7E50-4A9D-BA23-3ECC1710F694}.Debug|x64.Build.0 = Debug|x64
		{8DDCC9B1-7E50-4A9D-BA23-3ECC1710F694}.Debug|x86.ActiveCfg = Debug|Win32
		{8DDCC9B1-7E50-4A9D-BA23-3ECC1710F694}.Debug|x86.Build.0 = Debug|Win32
		{8DDCC9B1-7E50-4A9D-BA23-3ECC1710F694}.Release|x64.ActiveCfg = Release|x64
		{8DDCC9B1-7E50-4A9D-BA23-3ECC1710F694}.Release|x64.Build.0 = Release|x64
		{8DDCC9B1-7E50-4A9D-BA23-3ECC1710F694}.Release|x86.ActiveCfg = Release|Win32
		{8DDCC9B1-7E50-4A9D-BA23-3ECC1710F694}.Release|x86.Build.0 = Release|Win32
		{5349CBB0-5F3F-435F-B3C7-FCAB509ED18D}.Debug|x64.ActiveCfg = Debug|x64
		{5349CBB0-5F3F-435F-B3C7-FCAB509ED18D}.Debug|x64.Build.0 = Debug|x64
		{5349CBB0-5F3F-435F-B3C7-FCAB509ED18D}.Debug|x86.ActiveCfg = Debug|Win32
		{5349CBB0-5F3F-435F-B3C7-FCAB509ED18D}.Debug|x86.Build.0 = Debug|Win32
		{5349CBB0-5F3F-435F-B3C7-FCAB509ED18D}.Release|x64.ActiveCfg = Release|x64
		{5349CBB0-5F3F-435F-B3C7-FCAB509ED18D}.Release|x64.Build.0 = Release|x64
		{5349CBB0-5F3F-435F-B3C7-FCAB509ED18D}.Release|x86.ActiveCfg = Release|Win32
		{5349CBB0-5F3F-435F-B3C7-FCAB509ED18D}.Release|x86.Build.0 = Release|Win32
		{7ED1331C-5CD3-4829-98AE-D74C49027D99}.Debug|x64.ActiveCfg = Debug|x64
		{7ED1331C-5CD3-4829-98AE-D74C49027D99}.Debug|x64.Build.0 = Debug|x64
		{7ED1331C-5CD3-4829-98AE-D74C49027D99}.Debug|x86.ActiveCfg = Debug|Win32
		{7ED1331C-5CD3-4829-98AE-D74C49027D99}.Debug|x86.Build.0 = Debug|Win32
		{7ED1331C-5CD3-4829-98AE-D74C49027D99}.Release|x64.ActiveCfg = Release|x64
		{7ED1331C-5CD3-4829-98AE-D74C49027D99}.Release|x64.Build.0 = Release|x64
		{7ED1331C-5CD3-4829-98AE-D74C49027D99}.Release|x86.ActiveCfg = Release|Win32
		{7ED1331C-5CD3-4829-98AE-D74C49027D99}.Release|x86.Build.0 = Release|Win32
		{EFF34536-74ED-45B4-8E45-D6F13957B62B}.Debug|x64.ActiveCfg = Debug|x64
		{EFF34536-74ED-45B4-8E45-D6F13957B62B}.Debug|x64.Build.0 = Debug|x64
		{EFF34536-74ED-45B4-8E45-D6F13957B62B}.Debug|x86.ActiveCfg = Debug|Win32
		{EFF34536-74ED-45B4-8E45-D6F13957B62B}.Debug|x86.Build.0 = Debug|Win32
		{EFF34536-74ED-45B4-8E45-D6F13957B62B}.Release|x64.ActiveCfg = Release|x64
		{EFF34536-74ED-45B4-8E45-D6F13957B62B}.Release|x64.Build.0 = Release|x64
		{EFF34536-74ED-45B4-8E45-D6F13957B62B}.Release|x86.ActiveCfg = Release|Win32
		{EFF34536-74ED-45B4-8E45-D6F13957B62B}.Release|x86.Build.0 = Release|Win32
		{EA56CD90-C09B-4056-92EA-A700FC7217BE}.Debug|x64.ActiveCfg = Debug|x64
		{EA56CD90-C09B-4056-92EA-A700FC7217BE}.Debug|x64.Build.0 = Debug|x64
		{EA56CD90-C09B-4056-92EA-A700FC7217BE}.Debug|x86.ActiveCfg = Debug|Win32
		{EA56CD90-C09B-4056-92EA-A700FC7217BE}.Debug|x86.Build.0 = Debug|Win32
		{EA56CD90-C09B-4056-92EA-A700FC7217BE}.Release|x64.ActiveCfg = Release|x64
		{EA56CD90-C09B-4056-92EA-A700FC7217BE}.Release|x64.Build.0 = Release|x64
		{EA56CD90-C09B-4056-92EA-A700FC7217BE}.Release|x86.ActiveCfg = Release|Win32
		{EA56CD90-C09B-4056-92EA-A700FC7217BE}.Release|x86.Build.0 = Release|Win32
		{E1110255-710C-4FDF-BF79-3F60B249DA7F}.Debug|x64.ActiveCfg = Debug|x64
		{E1110255-710C-4FDF-BF79-3F60B249DA7F}.Debug|x64.Build.0 = Debug|x64
		{E1110255-710C-4FDF-BF79-3F60B249DA7F}.Debug|x86.ActiveCfg = Debug|Win32
		{E1110255-710C-4FDF-BF79-3F60B249DA7F}.Debug|x86.Build.0 = Debug|Win32
		{E1110255-710C-4FDF-BF79-3F60B249DA7F}.Release|x64.ActiveCfg = Release|x64
		{E1110255-710C-4FDF-BF79-3F60B249DA7F}.Release|x64.Build.0 = Release|x64
		{E1110255-710C-4FDF-BF79-3F60B249DA7F}.Release|x86.ActiveCfg = Release|Win32
		{E1110255-710C-4FDF-BF79-3F60B249DA7F}.Release|x86.Build.0 = Release|Win32
		{0D515968-AA0B-4B0F-A7A4-8C72699A7C0E}.Debug|x64.ActiveCfg = Debug|x64
		{0D515968-AA0B-4B0F-A7A4-8C72699A7C0E}.Debug|x64.Build.0 = Debug|x64
		{0D515968-AA0B-4B0F-A7A4-8C72699A7C0E}.Debug|x86.ActiveCfg = Debug|Win32
		{0D515968-AA0B-4B0F-A7A4-8C72699A7C0E}.Debug|x86.Build.0 = Debug|Win32
		{0D515968-AA0B-4B0F-A7A4-8C72699A7C0E}.Release|x64.ActiveCfg = Release|x64
		{0D515968-AA0B-4B0F-A7A4-8C72699A7C0E}.Release|x64.Build.0 = Release|x64
		{0D515968-AA0B-4B0F-A7A4-8C72699A7C0E}.Release|x86.ActiveCfg = Release|Win32
		{0D515968-AA0B-4B0F-A7A4-8C72699A7C0E}.Release|x86.Build.0 = Release|Win32
	EndGlobalSection
	GlobalSection(SolutionProperties) = preSolution
		HideSolutionNode = FALSE
	EndGlobalSection
	GlobalSection(ExtensibilityGlobals) = postSolution
		SolutionGuid = {1309272D-0E90-43B9-ADD8-8CE188EA2B3C}
	EndGlobalSection
EndGlobal
